
Microsoft Visual Studio Solution File, Format Version 12.00
# Visual Studio Version 16
VisualStudioVersion = 16.0.29025.244
MinimumVisualStudioVersion = 10.0.40219.1
Project("{FAE04EC0-301F-11D3-BF4B-00C04F79EFBC}") = "Plugins", "Plugins\Plugins.csproj", "{5A17E47D-DD05-473D-A1B9-02391CCFBD98}"
EndProject
Project("{FAE04EC0-301F-11D3-BF4B-00C04F79EFBC}") = "Plugin.Contracts", "Plugin.Contracts\Plugin.Contracts.csproj", "{5B470FF7-8C6E-4D54-B870-5D0968121EE9}"
EndProject
Project("{FAE04EC0-301F-11D3-BF4B-00C04F79EFBC}") = "Plugin.SpacedOut", "Plugin.SpacedOut\Plugin.SpacedOut.csproj", "{9F6EA41D-EB05-498A-9CFC-5EDC3679EBC5}"
EndProject
Global
	GlobalSection(SolutionConfigurationPlatforms) = preSolution
		Debug|Any CPU = Debug|Any CPU
		Release|Any CPU = Release|Any CPU
	EndGlobalSection
	GlobalSection(ProjectConfigurationPlatforms) = postSolution
		{5A17E47D-DD05-473D-A1B9-02391CCFBD98}.Debug|Any CPU.ActiveCfg = Debug|Any CPU
		{5A17E47D-DD05-473D-A1B9-02391CCFBD98}.Debug|Any CPU.Build.0 = Debug|Any CPU
		{5A17E47D-DD05-473D-A1B9-02391CCFBD98}.Release|Any CPU.ActiveCfg = Release|Any CPU
		{5A17E47D-DD05-473D-A1B9-02391CCFBD98}.Release|Any CPU.Build.0 = Release|Any CPU
		{5B470FF7-8C6E-4D54-B870-5D0968121EE9}.Debug|Any CPU.ActiveCfg = Debug|Any CPU
		{5B470FF7-8C6E-4D54-B870-5D0968121EE9}.Debug|Any CPU.Build.0 = Debug|Any CPU
		{5B470FF7-8C6E-4D54-B870-5D0968121EE9}.Release|Any CPU.ActiveCfg = Release|Any CPU
		{5B470FF7-8C6E-4D54-B870-5D0968121EE9}.Release|Any CPU.Build.0 = Release|Any CPU
		{9F6EA41D-EB05-498A-9CFC-5EDC3679EBC5}.Debug|Any CPU.ActiveCfg = Debug|Any CPU
		{9F6EA41D-EB05-498A-9CFC-5EDC3679EBC5}.Debug|Any CPU.Build.0 = Debug|Any CPU
		{9F6EA41D-EB05-498A-9CFC-5EDC3679EBC5}.Release|Any CPU.ActiveCfg = Release|Any CPU
		{9F6EA41D-EB05-498A-9CFC-5EDC3679EBC5}.Release|Any CPU.Build.0 = Release|Any CPU
	EndGlobalSection
	GlobalSection(SolutionProperties) = preSolution
		HideSolutionNode = FALSE
	EndGlobalSection
	GlobalSection(ExtensibilityGlobals) = postSolution
		SolutionGuid = {50352932-E5D5-44AB-AAD1-CD3EB076E5F3}
	EndGlobalSection
EndGlobal
